
Microsoft Visual Studio Solution File, Format Version 12.00
# Visual Studio Version 17
VisualStudioVersion = 17.7.34031.279
MinimumVisualStudioVersion = 10.0.40219.1
Project("{FAE04EC0-301F-11D3-BF4B-00C04F79EFBC}") = "ManageBloodTypes", "ManageBloodTypes\ManageBloodTypes.csproj", "{61B35112-1CE3-4B3D-ACA3-D2AAEA5A95A7}"
EndProject
Global
	GlobalSection(SolutionConfigurationPlatforms) = preSolution
		Debug|Any CPU = Debug|Any CPU
		Release|Any CPU = Release|Any CPU
	EndGlobalSection
	GlobalSection(ProjectConfigurationPlatforms) = postSolution
		{61B35112-1CE3-4B3D-ACA3-D2AAEA5A95A7}.Debug|Any CPU.ActiveCfg = Debug|Any CPU
		{61B35112-1CE3-4B3D-ACA3-D2AAEA5A95A7}.Debug|Any CPU.Build.0 = Debug|Any CPU
		{61B35112-1CE3-4B3D-ACA3-D2AAEA5A95A7}.Release|Any CPU.ActiveCfg = Release|Any CPU
		{61B35112-1CE3-4B3D-ACA3-D2AAEA5A95A7}.Release|Any CPU.Build.0 = Release|Any CPU
	EndGlobalSection
	GlobalSection(SolutionProperties) = preSolution
		HideSolutionNode = FALSE
	EndGlobalSection
	GlobalSection(ExtensibilityGlobals) = postSolution
		SolutionGuid = {BB6B25EA-0AD0-4ADA-A20E-7C6BD9FC9922}
	EndGlobalSection
EndGlobal
